PODS:
  - Capacitor (2.4.5):
    - CapacitorCordova
  - CapacitorCordova (2.0.1)

DEPENDENCIES:
  - "Capacitor (from `../node_modules/@capacitor/ios`)"

SPEC REPOS:
  trunk:
    - CapacitorCordova

EXTERNAL SOURCES:
  Capacitor:
    :path: "../node_modules/@capacitor/ios"

SPEC CHECKSUMS:
  Capacitor: 16fff19464a7d37e2f996e0994749b04111ed3f0
  CapacitorCordova: 9fee2eb6780331b6ff09710d6a7d1f2e4707f1b9

PODFILE CHECKSUM: 38d083712967e4c216faff8d0b7c5eb7faa2b523

COCOAPODS: 1.9.3
