PODS:
  - Capacitor (2.4.4):
    - CapacitorCordova
  - CapacitorCordova (2.0.1)

DEPENDENCIES:
  - "Capacitor (from `../node_modules/@capacitor/ios`)"

SPEC REPOS:
  trunk:
    - CapacitorCordova

EXTERNAL SOURCES:
  Capacitor:
    :path: "../node_modules/@capacitor/ios"

SPEC CHECKSUMS:
  Capacitor: 2dad300a670be7ab8fc8d91d09f1126cf777b8e9
  CapacitorCordova: 9fee2eb6780331b6ff09710d6a7d1f2e4707f1b9

PODFILE CHECKSUM: 38d083712967e4c216faff8d0b7c5eb7faa2b523

COCOAPODS: 1.9.3
